
Microsoft Visual Studio Solution File, Format Version 12.00
# Visual Studio 2013
VisualStudioVersion = 12.0.31101.0
MinimumVisualStudioVersion = 10.0.40219.1
Project("{FAE04EC0-301F-11D3-BF4B-00C04F79EFBC}") = "StressSummation", "StressSummation\StressSummation.csproj", "{92F06C10-EF58-40C5-842D-72F71AB4C4BC}"
EndProject
Global
	GlobalSection(SolutionConfigurationPlatforms) = preSolution
		Debug32|Any CPU = Debug32|Any CPU
		Debug64|Any CPU = Debug64|Any CPU
		Release|Any CPU = Release|Any CPU
	EndGlobalSection
	GlobalSection(ProjectConfigurationPlatforms) = postSolution
		{92F06C10-EF58-40C5-842D-72F71AB4C4BC}.Debug32|Any CPU.ActiveCfg = Debug32|Any CPU
		{92F06C10-EF58-40C5-842D-72F71AB4C4BC}.Debug32|Any CPU.Build.0 = Debug32|Any CPU
		{92F06C10-EF58-40C5-842D-72F71AB4C4BC}.Debug64|Any CPU.ActiveCfg = Debug64|Any CPU
		{92F06C10-EF58-40C5-842D-72F71AB4C4BC}.Debug64|Any CPU.Build.0 = Debug64|Any CPU
		{92F06C10-EF58-40C5-842D-72F71AB4C4BC}.Release|Any CPU.ActiveCfg = Release|Any CPU
		{92F06C10-EF58-40C5-842D-72F71AB4C4BC}.Release|Any CPU.Build.0 = Release|Any CPU
	EndGlobalSection
	GlobalSection(SolutionProperties) = preSolution
		HideSolutionNode = FALSE
	EndGlobalSection
EndGlobal
