
Microsoft Visual Studio Solution File, Format Version 12.00
# Visual Studio 14
VisualStudioVersion = 14.0.24720.0
MinimumVisualStudioVersion = 10.0.40219.1
Project("{FAE04EC0-301F-11D3-BF4B-00C04F79EFBC}") = "K2Structural", "K2Structural\K2Structural.csproj", "{5F5A01B2-EF1A-4E58-8E5F-6D05C1A52876}"
EndProject
Global
	GlobalSection(SolutionConfigurationPlatforms) = preSolution
		Debug32|Any CPU = Debug32|Any CPU
		Debug64|Any CPU = Debug64|Any CPU
		Release|Any CPU = Release|Any CPU
	EndGlobalSection
	GlobalSection(ProjectConfigurationPlatforms) = postSolution
		{5F5A01B2-EF1A-4E58-8E5F-6D05C1A52876}.Debug32|Any CPU.ActiveCfg = Debug32|Any CPU
		{5F5A01B2-EF1A-4E58-8E5F-6D05C1A52876}.Debug32|Any CPU.Build.0 = Debug32|Any CPU
		{5F5A01B2-EF1A-4E58-8E5F-6D05C1A52876}.Debug64|Any CPU.ActiveCfg = Debug64|Any CPU
		{5F5A01B2-EF1A-4E58-8E5F-6D05C1A52876}.Debug64|Any CPU.Build.0 = Debug64|Any CPU
		{5F5A01B2-EF1A-4E58-8E5F-6D05C1A52876}.Release|Any CPU.ActiveCfg = Release|Any CPU
		{5F5A01B2-EF1A-4E58-8E5F-6D05C1A52876}.Release|Any CPU.Build.0 = Release|Any CPU
	EndGlobalSection
	GlobalSection(SolutionProperties) = preSolution
		HideSolutionNode = FALSE
	EndGlobalSection
EndGlobal
