
Microsoft Visual Studio Solution File, Format Version 12.00
# Visual Studio 2013
VisualStudioVersion = 12.0.31101.0
MinimumVisualStudioVersion = 10.0.40219.1
Project("{FAE04EC0-301F-11D3-BF4B-00C04F79EFBC}") = "BendingVisualisation", "BendingVisualisation\BendingVisualisation.csproj", "{3BF1924F-2BC4-4344-953A-E6E804978BFC}"
EndProject
Global
	GlobalSection(SolutionConfigurationPlatforms) = preSolution
		Debug32|Any CPU = Debug32|Any CPU
		Debug64|Any CPU = Debug64|Any CPU
		Release|Any CPU = Release|Any CPU
	EndGlobalSection
	GlobalSection(ProjectConfigurationPlatforms) = postSolution
		{3BF1924F-2BC4-4344-953A-E6E804978BFC}.Debug32|Any CPU.ActiveCfg = Debug32|Any CPU
		{3BF1924F-2BC4-4344-953A-E6E804978BFC}.Debug32|Any CPU.Build.0 = Debug32|Any CPU
		{3BF1924F-2BC4-4344-953A-E6E804978BFC}.Debug64|Any CPU.ActiveCfg = Debug64|Any CPU
		{3BF1924F-2BC4-4344-953A-E6E804978BFC}.Debug64|Any CPU.Build.0 = Debug64|Any CPU
		{3BF1924F-2BC4-4344-953A-E6E804978BFC}.Release|Any CPU.ActiveCfg = Release|Any CPU
		{3BF1924F-2BC4-4344-953A-E6E804978BFC}.Release|Any CPU.Build.0 = Release|Any CPU
	EndGlobalSection
	GlobalSection(SolutionProperties) = preSolution
		HideSolutionNode = FALSE
	EndGlobalSection
EndGlobal
